{
  "object": {
    "pins": [
      {
        "package": "ReSwift",
        "repositoryURL": "https://github.com/ReSwift/ReSwift",
        "state": {
          "branch": null,
          "revision": "8b840e3c234bc91f1a6a2720ea20ecf019509b1b",
          "version": "4.1.1"
        }
      }
    ]
  },
  "version": 1
}
